
Microsoft Visual Studio Solution File, Format Version 12.00
# Visual Studio Version 17
VisualStudioVersion = 17.8.34330.188
MinimumVisualStudioVersion = 10.0.40219.1
Project("{FAE04EC0-301F-11D3-BF4B-00C04F79EFBC}") = "Ispit.Todo", "Ispit.Todo\Ispit.Todo.csproj", "{C5FAD80A-4951-4BB5-A785-00155E07A458}"
EndProject
Global
	GlobalSection(SolutionConfigurationPlatforms) = preSolution
		Debug|Any CPU = Debug|Any CPU
		Release|Any CPU = Release|Any CPU
	EndGlobalSection
	GlobalSection(ProjectConfigurationPlatforms) = postSolution
		{C5FAD80A-4951-4BB5-A785-00155E07A458}.Debug|Any CPU.ActiveCfg = Debug|Any CPU
		{C5FAD80A-4951-4BB5-A785-00155E07A458}.Debug|Any CPU.Build.0 = Debug|Any CPU
		{C5FAD80A-4951-4BB5-A785-00155E07A458}.Release|Any CPU.ActiveCfg = Release|Any CPU
		{C5FAD80A-4951-4BB5-A785-00155E07A458}.Release|Any CPU.Build.0 = Release|Any CPU
	EndGlobalSection
	GlobalSection(SolutionProperties) = preSolution
		HideSolutionNode = FALSE
	EndGlobalSection
	GlobalSection(ExtensibilityGlobals) = postSolution
		SolutionGuid = {E6EFB205-1FDA-46D1-8923-1605C10C4336}
	EndGlobalSection
EndGlobal
